
Microsoft Visual Studio Solution File, Format Version 12.00
# Visual Studio Version 17
VisualStudioVersion = 17.2.32526.322
MinimumVisualStudioVersion = 10.0.40219.1
Project("{FAE04EC0-301F-11D3-BF4B-00C04F79EFBC}") = "patient management", "CURDOperation\patient management.csproj", "{0C174479-38D0-4ADF-A2D9-62E0FE73C8E7}"
EndProject
Global
	GlobalSection(SolutionConfigurationPlatforms) = preSolution
		Debug|Any CPU = Debug|Any CPU
		Release|Any CPU = Release|Any CPU
	EndGlobalSection
	GlobalSection(ProjectConfigurationPlatforms) = postSolution
		{0C174479-38D0-4ADF-A2D9-62E0FE73C8E7}.Debug|Any CPU.ActiveCfg = Debug|Any CPU
		{0C174479-38D0-4ADF-A2D9-62E0FE73C8E7}.Debug|Any CPU.Build.0 = Debug|Any CPU
		{0C174479-38D0-4ADF-A2D9-62E0FE73C8E7}.Release|Any CPU.ActiveCfg = Release|Any CPU
		{0C174479-38D0-4ADF-A2D9-62E0FE73C8E7}.Release|Any CPU.Build.0 = Release|Any CPU
	EndGlobalSection
	GlobalSection(SolutionProperties) = preSolution
		HideSolutionNode = FALSE
	EndGlobalSection
	GlobalSection(ExtensibilityGlobals) = postSolution
		SolutionGuid = {EF16BDD9-9938-4437-968E-5C2B45E6567B}
	EndGlobalSection
EndGlobal
